// !$*UTF8*$!
{
	archiveVersion = 1;
	classes = {
	};
	objectVersion = 55;
	objects = {

/* Begin PBXBuildFile section */
		4F1336C52813AAAA004B4ECD /* GestureRecognizer.swift in Sources */ = {isa = PBXBuildFile; fileRef = 4F1336C42813AAAA004B4ECD /* GestureRecognizer.swift */; };
		4F1336C72813C098004B4ECD /* VolumeControl.swift in Sources */ = {isa = PBXBuildFile; fileRef = 4F1336C62813C098004B4ECD /* VolumeControl.swift */; };
		4F2035CA2802BC8100F89CAE /* ImageMean.metal in Sources */ = {isa = PBXBuildFile; fileRef = 4F2035BB2802BC8100F89CAE /* ImageMean.metal */; };
		4F2035CB2802BC8100F89CAE /* FingerPointsRenderer.metal in Sources */ = {isa = PBXBuildFile; fileRef = 4F2035BC2802BC8100F89CAE /* FingerPointsRenderer.metal */; };
		4F2035CC2802BC8100F89CAE /* Renderable.swift in Sources */ = {isa = PBXBuildFile; fileRef = 4F2035BD2802BC8100F89CAE /* Renderable.swift */; };
		4F2035CD2802BC8100F89CAE /* Triangle.metal in Sources */ = {isa = PBXBuildFile; fileRef = 4F2035BE2802BC8100F89CAE /* Triangle.metal */; };
		4F2035CE2802BC8100F89CAE /* Sphere.swift in Sources */ = {isa = PBXBuildFile; fileRef = 4F2035BF2802BC8100F89CAE /* Sphere.swift */; };
		4F2035CF2802BC8100F89CAE /* FingerPointsRenderer.swift in Sources */ = {isa = PBXBuildFile; fileRef = 4F2035C02802BC8100F89CAE /* FingerPointsRenderer.swift */; };
		4F2035D02802BC8100F89CAE /* ImageMean.swift in Sources */ = {isa = PBXBuildFile; fileRef = 4F2035C12802BC8100F89CAE /* ImageMean.swift */; };
		4F2035D22802BC8100F89CAE /* Triangle.swift in Sources */ = {isa = PBXBuildFile; fileRef = 4F2035C32802BC8100F89CAE /* Triangle.swift */; };
		4F2035D52802BC8100F89CAE /* Shaders.metal in Sources */ = {isa = PBXBuildFile; fileRef = 4F2035C62802BC8100F89CAE /* Shaders.metal */; };
		4F2035D62802BC8100F89CAE /* Renderer.swift in Sources */ = {isa = PBXBuildFile; fileRef = 4F2035C72802BC8100F89CAE /* Renderer.swift */; };
		4F2035D72802BC8100F89CAE /* Helper.swift in Sources */ = {isa = PBXBuildFile; fileRef = 4F2035C92802BC8100F89CAE /* Helper.swift */; };
		4F2CE3CA2818B09E001CAA60 /* ApplicationServices.framework in Frameworks */ = {isa = PBXBuildFile; fileRef = 4F1336D82813E3DE004B4ECD /* ApplicationServices.framework */; };
		4F2CE3CB2818B0B5001CAA60 /* CoreDisplay.framework in Frameworks */ = {isa = PBXBuildFile; fileRef = 4F1336DE2813E4CC004B4ECD /* CoreDisplay.framework */; };
		4F2CE3CC2818B0D7001CAA60 /* DisplayServices.framework in Frameworks */ = {isa = PBXBuildFile; fileRef = 4F1336DA2813E47C004B4ECD /* DisplayServices.framework */; };
		4F33FE1628115F800035937D /* ActiveAreaSelector.swift in Sources */ = {isa = PBXBuildFile; fileRef = 4F33FE1528115F800035937D /* ActiveAreaSelector.swift */; };
		4F33FE18281160690035937D /* ActiveAreaDetector.swift in Sources */ = {isa = PBXBuildFile; fileRef = 4F33FE17281160690035937D /* ActiveAreaDetector.swift */; };
		4F52CA162810E0E100EEB655 /* ExponentialWeightedMovingAverage.swift in Sources */ = {isa = PBXBuildFile; fileRef = 4F52CA142810E0E100EEB655 /* ExponentialWeightedMovingAverage.swift */; };
		4F52CA172810E0E100EEB655 /* MovingAverage.swift in Sources */ = {isa = PBXBuildFile; fileRef = 4F52CA152810E0E100EEB655 /* MovingAverage.swift */; };
		4F71E3B22818DB8E00F2B043 /* BrightnessControl.swift in Sources */ = {isa = PBXBuildFile; fileRef = 4F71E3B12818DB8E00F2B043 /* BrightnessControl.swift */; };
		4FA1970E2819283600F96355 /* FingerDetector.swift in Sources */ = {isa = PBXBuildFile; fileRef = 4FA1970D2819283600F96355 /* FingerDetector.swift */; };
		4FA2B0B12818DCDD0025A67E /* brightness.c in Sources */ = {isa = PBXBuildFile; fileRef = 4FA2B0B02818DBF00025A67E /* brightness.c */; };
		4FA2B0B32818DD480025A67E /* LICENCE in Resources */ = {isa = PBXBuildFile; fileRef = 4FA2B0B22818DD480025A67E /* LICENCE */; };
		4FA7E4BD2802C182005AC971 /* ContentView.swift in Sources */ = {isa = PBXBuildFile; fileRef = 4FA7E4BC2802C182005AC971 /* ContentView.swift */; };
		4FB73A71280E9D5D00EE0311 /* Straighten.swift in Sources */ = {isa = PBXBuildFile; fileRef = 4FB73A70280E9D5D00EE0311 /* Straighten.swift */; };
		4FB73A73280EA1A300EE0311 /* Straighten.metal in Sources */ = {isa = PBXBuildFile; fileRef = 4FB73A72280EA1A300EE0311 /* Straighten.metal */; };
		4FB88226280C1ECE009ADABB /* ControlsView.swift in Sources */ = {isa = PBXBuildFile; fileRef = 4FB88225280C1ECE009ADABB /* ControlsView.swift */; };
		4FCB20AC2802BBA0003DC9BC /* VirtualBarApp.swift in Sources */ = {isa = PBXBuildFile; fileRef = 4FCB20AB2802BBA0003DC9BC /* VirtualBarApp.swift */; };
		4FCB20B02802BBA1003DC9BC /* Assets.xcassets in Resources */ = {isa = PBXBuildFile; fileRef = 4FCB20AF2802BBA1003DC9BC /* Assets.xcassets */; };
		4FCB20B32802BBA1003DC9BC /* Preview Assets.xcassets in Resources */ = {isa = PBXBuildFile; fileRef = 4FCB20B22802BBA1003DC9BC /* Preview Assets.xcassets */; };
		4FCB20BB2802BBAB003DC9BC /* MetalView.swift in Sources */ = {isa = PBXBuildFile; fileRef = 4FCB20BA2802BBAB003DC9BC /* MetalView.swift */; };
		4FD9CEBD28100F2500CF79E0 /* PlonkTexture.swift in Sources */ = {isa = PBXBuildFile; fileRef = 4FD9CEBC28100F2500CF79E0 /* PlonkTexture.swift */; };
		4FD9CEBF2810100B00CF79E0 /* PlonkTexture.metal in Sources */ = {isa = PBXBuildFile; fileRef = 4FD9CEBE2810100B00CF79E0 /* PlonkTexture.metal */; };
		4FD9CEC12810112E00CF79E0 /* PlonkTextureShared.metal in Sources */ = {isa = PBXBuildFile; fileRef = 4FD9CEC02810112E00CF79E0 /* PlonkTextureShared.metal */; };
		4FFACD9328121DFA005CD815 /* VideoFeed.swift in Sources */ = {isa = PBXBuildFile; fileRef = 4FFACD9228121DFA005CD815 /* VideoFeed.swift */; };
/* End PBXBuildFile section */

/* Begin PBXFileReference section */
		4F1336C42813AAAA004B4ECD /* GestureRecognizer.swift */ = {isa = PBXFileReference; lastKnownFileType = sourcecode.swift; path = GestureRecognizer.swift; sourceTree = "<group>"; };
		4F1336C62813C098004B4ECD /* VolumeControl.swift */ = {isa = PBXFileReference; lastKnownFileType = sourcecode.swift; path = VolumeControl.swift; sourceTree = "<group>"; };
		4F1336D82813E3DE004B4ECD /* ApplicationServices.framework */ = {isa = PBXFileReference; lastKnownFileType = wrapper.framework; name = ApplicationServices.framework; path = System/Library/Frameworks/ApplicationServices.framework; sourceTree = SDKROOT; };
		4F1336DA2813E47C004B4ECD /* DisplayServices.framework */ = {isa = PBXFileReference; lastKnownFileType = wrapper.framework; name = DisplayServices.framework; path = ../../../../../System/Library/PrivateFrameworks/DisplayServices.framework; sourceTree = "<group>"; };
		4F1336DE2813E4CC004B4ECD /* CoreDisplay.framework */ = {isa = PBXFileReference; lastKnownFileType = wrapper.framework; name = CoreDisplay.framework; path = ../../../../../System/Library/Frameworks/CoreDisplay.framework; sourceTree = "<group>"; };
		4F2035BB2802BC8100F89CAE /* ImageMean.metal */ = {isa = PBXFileReference; fileEncoding = 4; lastKnownFileType = sourcecode.metal; path = ImageMean.metal; sourceTree = "<group>"; };
		4F2035BC2802BC8100F89CAE /* FingerPointsRenderer.metal */ = {isa = PBXFileReference; fileEncoding = 4; lastKnownFileType = sourcecode.metal; path = FingerPointsRenderer.metal; sourceTree = "<group>"; };
		4F2035BD2802BC8100F89CAE /* Renderable.swift */ = {isa = PBXFileReference; fileEncoding = 4; lastKnownFileType = sourcecode.swift; path = Renderable.swift; sourceTree = "<group>"; };
		4F2035BE2802BC8100F89CAE /* Triangle.metal */ = {isa = PBXFileReference; fileEncoding = 4; lastKnownFileType = sourcecode.metal; path = Triangle.metal; sourceTree = "<group>"; };
		4F2035BF2802BC8100F89CAE /* Sphere.swift */ = {isa = PBXFileReference; fileEncoding = 4; lastKnownFileType = sourcecode.swift; path = Sphere.swift; sourceTree = "<group>"; };
		4F2035C02802BC8100F89CAE /* FingerPointsRenderer.swift */ = {isa = PBXFileReference; fileEncoding = 4; lastKnownFileType = sourcecode.swift; path = FingerPointsRenderer.swift; sourceTree = "<group>"; };
		4F2035C12802BC8100F89CAE /* ImageMean.swift */ = {isa = PBXFileReference; fileEncoding = 4; lastKnownFileType = sourcecode.swift; path = ImageMean.swift; sourceTree = "<group>"; };
		4F2035C32802BC8100F89CAE /* Triangle.swift */ = {isa = PBXFileReference; fileEncoding = 4; lastKnownFileType = sourcecode.swift; path = Triangle.swift; sourceTree = "<group>"; };
		4F2035C62802BC8100F89CAE /* Shaders.metal */ = {isa = PBXFileReference; fileEncoding = 4; lastKnownFileType = sourcecode.metal; name = Shaders.metal; path = VirtualBar/Shaders.metal; sourceTree = SOURCE_ROOT; };
		4F2035C72802BC8100F89CAE /* Renderer.swift */ = {isa = PBXFileReference; fileEncoding = 4; lastKnownFileType = sourcecode.swift; name = Renderer.swift; path = VirtualBar/Renderer.swift; sourceTree = SOURCE_ROOT; };
		4F2035C82802BC8100F89CAE /* Common.h */ = {isa = PBXFileReference; fileEncoding = 4; lastKnownFileType = sourcecode.c.h; name = Common.h; path = VirtualBar/Common.h; sourceTree = SOURCE_ROOT; };
		4F2035C92802BC8100F89CAE /* Helper.swift */ = {isa = PBXFileReference; fileEncoding = 4; lastKnownFileType = sourcecode.swift; name = Helper.swift; path = VirtualBar/Helper.swift; sourceTree = SOURCE_ROOT; };
		4F33FE1528115F800035937D /* ActiveAreaSelector.swift */ = {isa = PBXFileReference; lastKnownFileType = sourcecode.swift; name = ActiveAreaSelector.swift; path = VirtualBar/ActiveAreaSelector.swift; sourceTree = SOURCE_ROOT; };
		4F33FE17281160690035937D /* ActiveAreaDetector.swift */ = {isa = PBXFileReference; lastKnownFileType = sourcecode.swift; path = ActiveAreaDetector.swift; sourceTree = "<group>"; };
		4F52CA142810E0E100EEB655 /* ExponentialWeightedMovingAverage.swift */ = {isa = PBXFileReference; fileEncoding = 4; lastKnownFileType = sourcecode.swift; path = ExponentialWeightedMovingAverage.swift; sourceTree = "<group>"; };
		4F52CA152810E0E100EEB655 /* MovingAverage.swift */ = {isa = PBXFileReference; fileEncoding = 4; lastKnownFileType = sourcecode.swift; path = MovingAverage.swift; sourceTree = "<group>"; };
		4F71E3B02818D86000F2B043 /* BridgingHeader.h */ = {isa = PBXFileReference; lastKnownFileType = sourcecode.c.h; path = BridgingHeader.h; sourceTree = "<group>"; };
		4F71E3B12818DB8E00F2B043 /* BrightnessControl.swift */ = {isa = PBXFileReference; lastKnownFileType = sourcecode.swift; path = BrightnessControl.swift; sourceTree = "<group>"; };
		4FA1970D2819283600F96355 /* FingerDetector.swift */ = {isa = PBXFileReference; lastKnownFileType = sourcecode.swift; path = FingerDetector.swift; sourceTree = "<group>"; };
		4FA2B0AF2818DBF00025A67E /* brightness.h */ = {isa = PBXFileReference; lastKnownFileType = sourcecode.c.h; path = brightness.h; sourceTree = "<group>"; };
		4FA2B0B02818DBF00025A67E /* brightness.c */ = {isa = PBXFileReference; lastKnownFileType = sourcecode.c.c; path = brightness.c; sourceTree = "<group>"; };
		4FA2B0B22818DD480025A67E /* LICENCE */ = {isa = PBXFileReference; lastKnownFileType = text; path = LICENCE; sourceTree = "<group>"; };
		4FA7E4BC2802C182005AC971 /* ContentView.swift */ = {isa = PBXFileReference; fileEncoding = 4; lastKnownFileType = sourcecode.swift; path = ContentView.swift; sourceTree = "<group>"; };
		4FB73A70280E9D5D00EE0311 /* Straighten.swift */ = {isa = PBXFileReference; fileEncoding = 4; lastKnownFileType = sourcecode.swift; path = Straighten.swift; sourceTree = "<group>"; };
		4FB73A72280EA1A300EE0311 /* Straighten.metal */ = {isa = PBXFileReference; lastKnownFileType = sourcecode.metal; path = Straighten.metal; sourceTree = "<group>"; };
		4FB88225280C1ECE009ADABB /* ControlsView.swift */ = {isa = PBXFileReference; lastKnownFileType = sourcecode.swift; path = ControlsView.swift; sourceTree = "<group>"; };
		4FCB20A82802BBA0003DC9BC /* VirtualBar.app */ = {isa = PBXFileReference; explicitFileType = wrapper.application; includeInIndex = 0; path = VirtualBar.app; sourceTree = BUILT_PRODUCTS_DIR; };
		4FCB20AB2802BBA0003DC9BC /* VirtualBarApp.swift */ = {isa = PBXFileReference; lastKnownFileType = sourcecode.swift; path = VirtualBarApp.swift; sourceTree = "<group>"; };
		4FCB20AF2802BBA1003DC9BC /* Assets.xcassets */ = {isa = PBXFileReference; lastKnownFileType = folder.assetcatalog; path = Assets.xcassets; sourceTree = "<group>"; };
		4FCB20B22802BBA1003DC9BC /* Preview Assets.xcassets */ = {isa = PBXFileReference; lastKnownFileType = folder.assetcatalog; path = "Preview Assets.xcassets"; sourceTree = "<group>"; };
		4FCB20B42802BBA1003DC9BC /* VirtualBar.entitlements */ = {isa = PBXFileReference; lastKnownFileType = text.plist.entitlements; path = VirtualBar.entitlements; sourceTree = "<group>"; };
		4FCB20BA2802BBAB003DC9BC /* MetalView.swift */ = {isa = PBXFileReference; fileEncoding = 4; lastKnownFileType = sourcecode.swift; path = MetalView.swift; sourceTree = "<group>"; };
		4FD9CEBC28100F2500CF79E0 /* PlonkTexture.swift */ = {isa = PBXFileReference; lastKnownFileType = sourcecode.swift; path = PlonkTexture.swift; sourceTree = "<group>"; };
		4FD9CEBE2810100B00CF79E0 /* PlonkTexture.metal */ = {isa = PBXFileReference; lastKnownFileType = sourcecode.metal; path = PlonkTexture.metal; sourceTree = "<group>"; };
		4FD9CEC02810112E00CF79E0 /* PlonkTextureShared.metal */ = {isa = PBXFileReference; lastKnownFileType = sourcecode.metal; path = PlonkTextureShared.metal; sourceTree = "<group>"; };
		4FFACD9228121DFA005CD815 /* VideoFeed.swift */ = {isa = PBXFileReference; lastKnownFileType = sourcecode.swift; path = VideoFeed.swift; sourceTree = "<group>"; };
/* End PBXFileReference section */

/* Begin PBXFrameworksBuildPhase section */
		4FCB20A52802BBA0003DC9BC /* Frameworks */ = {
			isa = PBXFrameworksBuildPhase;
			buildActionMask = 2147483647;
			files = (
				4F2CE3CA2818B09E001CAA60 /* ApplicationServices.framework in Frameworks */,
				4F2CE3CB2818B0B5001CAA60 /* CoreDisplay.framework in Frameworks */,
				4F2CE3CC2818B0D7001CAA60 /* DisplayServices.framework in Frameworks */,
			);
			runOnlyForDeploymentPostprocessing = 0;
		};
/* End PBXFrameworksBuildPhase section */

/* Begin PBXGroup section */
		4F1336D72813E3DE004B4ECD /* Frameworks */ = {
			isa = PBXGroup;
			children = (
				4F1336DE2813E4CC004B4ECD /* CoreDisplay.framework */,
				4F1336DA2813E47C004B4ECD /* DisplayServices.framework */,
				4F1336D82813E3DE004B4ECD /* ApplicationServices.framework */,
			);
			name = Frameworks;
			sourceTree = "<group>";
		};
		4F2035BA2802BC8100F89CAE /* Renderables */ = {
			isa = PBXGroup;
			children = (
				4F2035BD2802BC8100F89CAE /* Renderable.swift */,
				4F2035BB2802BC8100F89CAE /* ImageMean.metal */,
				4F2035C12802BC8100F89CAE /* ImageMean.swift */,
				4F33FE1528115F800035937D /* ActiveAreaSelector.swift */,
				4F33FE17281160690035937D /* ActiveAreaDetector.swift */,
				4FD9CEBC28100F2500CF79E0 /* PlonkTexture.swift */,
				4FB73A70280E9D5D00EE0311 /* Straighten.swift */,
				4FB73A72280EA1A300EE0311 /* Straighten.metal */,
				4FD9CEBE2810100B00CF79E0 /* PlonkTexture.metal */,
				4FD9CEC02810112E00CF79E0 /* PlonkTextureShared.metal */,
				4F2035BC2802BC8100F89CAE /* FingerPointsRenderer.metal */,
				4F2035C02802BC8100F89CAE /* FingerPointsRenderer.swift */,
				4F2035BF2802BC8100F89CAE /* Sphere.swift */,
				4F2035BE2802BC8100F89CAE /* Triangle.metal */,
				4F2035C32802BC8100F89CAE /* Triangle.swift */,
			);
			name = Renderables;
			path = VirtualBar/Renderables;
			sourceTree = SOURCE_ROOT;
		};
		4F52CA132810E0E100EEB655 /* MovingAverage */ = {
			isa = PBXGroup;
			children = (
				4F52CA142810E0E100EEB655 /* ExponentialWeightedMovingAverage.swift */,
				4F52CA152810E0E100EEB655 /* MovingAverage.swift */,
			);
			path = MovingAverage;
			sourceTree = "<group>";
		};
		4FA2B0AE2818DBE90025A67E /* Brightness */ = {
			isa = PBXGroup;
			children = (
				4FA2B0B02818DBF00025A67E /* brightness.c */,
				4FA2B0B22818DD480025A67E /* LICENCE */,
				4FA2B0AF2818DBF00025A67E /* brightness.h */,
				4F71E3B12818DB8E00F2B043 /* BrightnessControl.swift */,
			);
			path = Brightness;
			sourceTree = "<group>";
		};
		4FB88227280C1F3D009ADABB /* SwiftUI */ = {
			isa = PBXGroup;
			children = (
				4FA7E4BC2802C182005AC971 /* ContentView.swift */,
				4FCB20BA2802BBAB003DC9BC /* MetalView.swift */,
				4FB88225280C1ECE009ADABB /* ControlsView.swift */,
			);
			path = SwiftUI;
			sourceTree = "<group>";
		};
		4FCB209F2802BBA0003DC9BC = {
			isa = PBXGroup;
			children = (
				4FCB20AA2802BBA0003DC9BC /* VirtualBar */,
				4FCB20A92802BBA0003DC9BC /* Products */,
				4F1336D72813E3DE004B4ECD /* Frameworks */,
			);
			sourceTree = "<group>";
		};
		4FCB20A92802BBA0003DC9BC /* Products */ = {
			isa = PBXGroup;
			children = (
				4FCB20A82802BBA0003DC9BC /* VirtualBar.app */,
			);
			name = Products;
			sourceTree = "<group>";
		};
		4FCB20AA2802BBA0003DC9BC /* VirtualBar */ = {
			isa = PBXGroup;
			children = (
				4FA2B0AE2818DBE90025A67E /* Brightness */,
				4F1336C62813C098004B4ECD /* VolumeControl.swift */,
				4FCB20AB2802BBA0003DC9BC /* VirtualBarApp.swift */,
				4FB88227280C1F3D009ADABB /* SwiftUI */,
				4F2035C82802BC8100F89CAE /* Common.h */,
				4F71E3B02818D86000F2B043 /* BridgingHeader.h */,
				4F2035C92802BC8100F89CAE /* Helper.swift */,
				4FFACD9228121DFA005CD815 /* VideoFeed.swift */,
				4F2035C72802BC8100F89CAE /* Renderer.swift */,
				4FA1970D2819283600F96355 /* FingerDetector.swift */,
				4F1336C42813AAAA004B4ECD /* GestureRecognizer.swift */,
				4F2035BA2802BC8100F89CAE /* Renderables */,
				4F2035C62802BC8100F89CAE /* Shaders.metal */,
				4F52CA132810E0E100EEB655 /* MovingAverage */,
				4FCB20AF2802BBA1003DC9BC /* Assets.xcassets */,
				4FCB20B42802BBA1003DC9BC /* VirtualBar.entitlements */,
				4FCB20B12802BBA1003DC9BC /* Preview Content */,
			);
			path = VirtualBar;
			sourceTree = "<group>";
		};
		4FCB20B12802BBA1003DC9BC /* Preview Content */ = {
			isa = PBXGroup;
			children = (
				4FCB20B22802BBA1003DC9BC /* Preview Assets.xcassets */,
			);
			path = "Preview Content";
			sourceTree = "<group>";
		};
/* End PBXGroup section */

/* Begin PBXNativeTarget section */
		4FCB20A72802BBA0003DC9BC /* VirtualBar */ = {
			isa = PBXNativeTarget;
			buildConfigurationList = 4FCB20B72802BBA1003DC9BC /* Build configuration list for PBXNativeTarget "VirtualBar" */;
			buildPhases = (
				4FCB20A42802BBA0003DC9BC /* Sources */,
				4FCB20A52802BBA0003DC9BC /* Frameworks */,
				4FCB20A62802BBA0003DC9BC /* Resources */,
			);
			buildRules = (
			);
			dependencies = (
			);
			name = VirtualBar;
			productName = VirtualBar;
			productReference = 4FCB20A82802BBA0003DC9BC /* VirtualBar.app */;
			productType = "com.apple.product-type.application";
		};
/* End PBXNativeTarget section */

/* Begin PBXProject section */
		4FCB20A02802BBA0003DC9BC /* Project object */ = {
			isa = PBXProject;
			attributes = {
				BuildIndependentTargetsInParallel = 1;
				LastSwiftUpdateCheck = 1330;
				LastUpgradeCheck = 1330;
				TargetAttributes = {
					4FCB20A72802BBA0003DC9BC = {
						CreatedOnToolsVersion = 13.3;
					};
				};
			};
			buildConfigurationList = 4FCB20A32802BBA0003DC9BC /* Build configuration list for PBXProject "VirtualBar" */;
			compatibilityVersion = "Xcode 13.0";
			developmentRegion = en;
			hasScannedForEncodings = 0;
			knownRegions = (
				en,
				Base,
			);
			mainGroup = 4FCB209F2802BBA0003DC9BC;
			productRefGroup = 4FCB20A92802BBA0003DC9BC /* Products */;
			projectDirPath = "";
			projectRoot = "";
			targets = (
				4FCB20A72802BBA0003DC9BC /* VirtualBar */,
			);
		};
/* End PBXProject section */

/* Begin PBXResourcesBuildPhase section */
		4FCB20A62802BBA0003DC9BC /* Resources */ = {
			isa = PBXResourcesBuildPhase;
			buildActionMask = 2147483647;
			files = (
				4FA2B0B32818DD480025A67E /* LICENCE in Resources */,
				4FCB20B32802BBA1003DC9BC /* Preview Assets.xcassets in Resources */,
				4FCB20B02802BBA1003DC9BC /* Assets.xcassets in Resources */,
			);
			runOnlyForDeploymentPostprocessing = 0;
		};
/* End PBXResourcesBuildPhase section */

/* Begin PBXSourcesBuildPhase section */
		4FCB20A42802BBA0003DC9BC /* Sources */ = {
			isa = PBXSourcesBuildPhase;
			buildActionMask = 2147483647;
			files = (
				4F2035CB2802BC8100F89CAE /* FingerPointsRenderer.metal in Sources */,
				4F52CA172810E0E100EEB655 /* MovingAverage.swift in Sources */,
				4FA1970E2819283600F96355 /* FingerDetector.swift in Sources */,
				4F33FE18281160690035937D /* ActiveAreaDetector.swift in Sources */,
				4FD9CEC12810112E00CF79E0 /* PlonkTextureShared.metal in Sources */,
				4F2035CF2802BC8100F89CAE /* FingerPointsRenderer.swift in Sources */,
				4FA7E4BD2802C182005AC971 /* ContentView.swift in Sources */,
				4F2035CA2802BC8100F89CAE /* ImageMean.metal in Sources */,
				4FB73A71280E9D5D00EE0311 /* Straighten.swift in Sources */,
				4FCB20BB2802BBAB003DC9BC /* MetalView.swift in Sources */,
				4F2035D02802BC8100F89CAE /* ImageMean.swift in Sources */,
				4F33FE1628115F800035937D /* ActiveAreaSelector.swift in Sources */,
				4F2035CC2802BC8100F89CAE /* Renderable.swift in Sources */,
				4F52CA162810E0E100EEB655 /* ExponentialWeightedMovingAverage.swift in Sources */,
				4FD9CEBD28100F2500CF79E0 /* PlonkTexture.swift in Sources */,
				4F1336C72813C098004B4ECD /* VolumeControl.swift in Sources */,
				4F2035D72802BC8100F89CAE /* Helper.swift in Sources */,
				4FA2B0B12818DCDD0025A67E /* brightness.c in Sources */,
				4F2035D52802BC8100F89CAE /* Shaders.metal in Sources */,
				4FD9CEBF2810100B00CF79E0 /* PlonkTexture.metal in Sources */,
				4F2035D22802BC8100F89CAE /* Triangle.swift in Sources */,
				4FCB20AC2802BBA0003DC9BC /* VirtualBarApp.swift in Sources */,
				4F2035CE2802BC8100F89CAE /* Sphere.swift in Sources */,
				4FB73A73280EA1A300EE0311 /* Straighten.metal in Sources */,
				4F71E3B22818DB8E00F2B043 /* BrightnessControl.swift in Sources */,
				4F2035D62802BC8100F89CAE /* Renderer.swift in Sources */,
				4FB88226280C1ECE009ADABB /* ControlsView.swift in Sources */,
				4F2035CD2802BC8100F89CAE /* Triangle.metal in Sources */,
				4FFACD9328121DFA005CD815 /* VideoFeed.swift in Sources */,
				4F1336C52813AAAA004B4ECD /* GestureRecognizer.swift in Sources */,
			);
			runOnlyForDeploymentPostprocessing = 0;
		};
/* End PBXSourcesBuildPhase section */

/* Begin XCBuildConfiguration section */
		4FCB20B52802BBA1003DC9BC /* Debug */ = {
			isa = XCBuildConfiguration;
			buildSettings = {
				ALWAYS_SEARCH_USER_PATHS = NO;
				CLANG_ANALYZER_NONNULL = YES;
				CLANG_ANALYZER_NUMBER_OBJECT_CONVERSION = YES_AGGRESSIVE;
				CLANG_CXX_LANGUAGE_STANDARD = "gnu++17";
				CLANG_ENABLE_MODULES = YES;
				CLANG_ENABLE_OBJC_ARC = YES;
				CLANG_ENABLE_OBJC_WEAK = YES;
				CLANG_WARN_BLOCK_CAPTURE_AUTORELEASING = YES;
				CLANG_WARN_BOOL_CONVERSION = YES;
				CLANG_WARN_COMMA = YES;
				CLANG_WARN_CONSTANT_CONVERSION = YES;
				CLANG_WARN_DEPRECATED_OBJC_IMPLEMENTATIONS = YES;
				CLANG_WARN_DIRECT_OBJC_ISA_USAGE = YES_ERROR;
				CLANG_WARN_DOCUMENTATION_COMMENTS = YES;
				CLANG_WARN_EMPTY_BODY = YES;
				CLANG_WARN_ENUM_CONVERSION = YES;
				CLANG_WARN_INFINITE_RECURSION = YES;
				CLANG_WARN_INT_CONVERSION = YES;
				CLANG_WARN_NON_LITERAL_NULL_CONVERSION = YES;
				CLANG_WARN_OBJC_IMPLICIT_RETAIN_SELF = YES;
				CLANG_WARN_OBJC_LITERAL_CONVERSION = YES;
				CLANG_WARN_OBJC_ROOT_CLASS = YES_ERROR;
				CLANG_WARN_QUOTED_INCLUDE_IN_FRAMEWORK_HEADER = YES;
				CLANG_WARN_RANGE_LOOP_ANALYSIS = YES;
				CLANG_WARN_STRICT_PROTOTYPES = YES;
				CLANG_WARN_SUSPICIOUS_MOVE = YES;
				CLANG_WARN_UNGUARDED_AVAILABILITY = YES_AGGRESSIVE;
				CLANG_WARN_UNREACHABLE_CODE = YES;
				CLANG_WARN__DUPLICATE_METHOD_MATCH = YES;
				COPY_PHASE_STRIP = NO;
				DEBUG_INFORMATION_FORMAT = dwarf;
				ENABLE_STRICT_OBJC_MSGSEND = YES;
				ENABLE_TESTABILITY = YES;
				GCC_C_LANGUAGE_STANDARD = gnu11;
				GCC_DYNAMIC_NO_PIC = NO;
				GCC_NO_COMMON_BLOCKS = YES;
				GCC_OPTIMIZATION_LEVEL = 0;
				GCC_PREPROCESSOR_DEFINITIONS = (
					"DEBUG=1",
					"$(inherited)",
				);
				GCC_WARN_64_TO_32_BIT_CONVERSION = YES;
				GCC_WARN_ABOUT_RETURN_TYPE = YES_ERROR;
				GCC_WARN_UNDECLARED_SELECTOR = YES;
				GCC_WARN_UNINITIALIZED_AUTOS = YES_AGGRESSIVE;
				GCC_WARN_UNUSED_FUNCTION = YES;
				GCC_WARN_UNUSED_VARIABLE = YES;
				MACOSX_DEPLOYMENT_TARGET = 11.0;
				MTL_ENABLE_DEBUG_INFO = INCLUDE_SOURCE;
				MTL_FAST_MATH = YES;
				ONLY_ACTIVE_ARCH = YES;
				SDKROOT = macosx;
				SWIFT_ACTIVE_COMPILATION_CONDITIONS = DEBUG;
				SWIFT_OBJC_BRIDGING_HEADER = VirtualBar/Common.h;
				SWIFT_OPTIMIZATION_LEVEL = "-Onone";
			};
			name = Debug;
		};
		4FCB20B62802BBA1003DC9BC /* Release */ = {
			isa = XCBuildConfiguration;
			buildSettings = {
				ALWAYS_SEARCH_USER_PATHS = NO;
				CLANG_ANALYZER_NONNULL = YES;
				CLANG_ANALYZER_NUMBER_OBJECT_CONVERSION = YES_AGGRESSIVE;
				CLANG_CXX_LANGUAGE_STANDARD = "gnu++17";
				CLANG_ENABLE_MODULES = YES;
				CLANG_ENABLE_OBJC_ARC = YES;
				CLANG_ENABLE_OBJC_WEAK = YES;
				CLANG_WARN_BLOCK_CAPTURE_AUTORELEASING = YES;
				CLANG_WARN_BOOL_CONVERSION = YES;
				CLANG_WARN_COMMA = YES;
				CLANG_WARN_CONSTANT_CONVERSION = YES;
				CLANG_WARN_DEPRECATED_OBJC_IMPLEMENTATIONS = YES;
				CLANG_WARN_DIRECT_OBJC_ISA_USAGE = YES_ERROR;
				CLANG_WARN_DOCUMENTATION_COMMENTS = YES;
				CLANG_WARN_EMPTY_BODY = YES;
				CLANG_WARN_ENUM_CONVERSION = YES;
				CLANG_WARN_INFINITE_RECURSION = YES;
				CLANG_WARN_INT_CONVERSION = YES;
				CLANG_WARN_NON_LITERAL_NULL_CONVERSION = YES;
				CLANG_WARN_OBJC_IMPLICIT_RETAIN_SELF = YES;
				CLANG_WARN_OBJC_LITERAL_CONVERSION = YES;
				CLANG_WARN_OBJC_ROOT_CLASS = YES_ERROR;
				CLANG_WARN_QUOTED_INCLUDE_IN_FRAMEWORK_HEADER = YES;
				CLANG_WARN_RANGE_LOOP_ANALYSIS = YES;
				CLANG_WARN_STRICT_PROTOTYPES = YES;
				CLANG_WARN_SUSPICIOUS_MOVE = YES;
				CLANG_WARN_UNGUARDED_AVAILABILITY = YES_AGGRESSIVE;
				CLANG_WARN_UNREACHABLE_CODE = YES;
				CLANG_WARN__DUPLICATE_METHOD_MATCH = YES;
				COPY_PHASE_STRIP = NO;
				DEBUG_INFORMATION_FORMAT = "dwarf-with-dsym";
				ENABLE_NS_ASSERTIONS = NO;
				ENABLE_STRICT_OBJC_MSGSEND = YES;
				GCC_C_LANGUAGE_STANDARD = gnu11;
				GCC_NO_COMMON_BLOCKS = YES;
				GCC_WARN_64_TO_32_BIT_CONVERSION = YES;
				GCC_WARN_ABOUT_RETURN_TYPE = YES_ERROR;
				GCC_WARN_UNDECLARED_SELECTOR = YES;
				GCC_WARN_UNINITIALIZED_AUTOS = YES_AGGRESSIVE;
				GCC_WARN_UNUSED_FUNCTION = YES;
				GCC_WARN_UNUSED_VARIABLE = YES;
				MACOSX_DEPLOYMENT_TARGET = 11.0;
				MTL_ENABLE_DEBUG_INFO = NO;
				MTL_FAST_MATH = YES;
				SDKROOT = macosx;
				SWIFT_COMPILATION_MODE = wholemodule;
				SWIFT_OBJC_BRIDGING_HEADER = VirtualBar/Common.h;
				SWIFT_OPTIMIZATION_LEVEL = "-O";
			};
			name = Release;
		};
		4FCB20B82802BBA1003DC9BC /* Debug */ = {
			isa = XCBuildConfiguration;
			buildSettings = {
				ASSETCATALOG_COMPILER_APPICON_NAME = AppIcon;
				ASSETCATALOG_COMPILER_GLOBAL_ACCENT_COLOR_NAME = AccentColor;
				CODE_SIGN_ENTITLEMENTS = VirtualBar/VirtualBar.entitlements;
				CODE_SIGN_STYLE = Automatic;
				COMBINE_HIDPI_IMAGES = YES;
				CURRENT_PROJECT_VERSION = 1;
				DEVELOPMENT_ASSET_PATHS = "";
				DEVELOPMENT_TEAM = 2M6L8JXTW7;
				ENABLE_HARDENED_RUNTIME = YES;
				ENABLE_PREVIEWS = YES;
				GENERATE_INFOPLIST_FILE = YES;
				INFOPLIST_KEY_NSCameraUsageDescription = "This app requires the camera to detect gestures";
				INFOPLIST_KEY_NSHumanReadableCopyright = "";
				LD_RUNPATH_SEARCH_PATHS = (
					"$(inherited)",
					"@executable_path/../Frameworks",
				);
				MARKETING_VERSION = 1.0;
				PRODUCT_BUNDLE_IDENTIFIER = com.rioogino.virtualbar;
				PRODUCT_NAME = "$(TARGET_NAME)";
				SWIFT_EMIT_LOC_STRINGS = YES;
				SWIFT_OBJC_BRIDGING_HEADER = VirtualBar/BridgingHeader.h;
				SWIFT_VERSION = 5.0;
				SYSTEM_FRAMEWORK_SEARCH_PATHS = (
					"$(inherited)",
					"$(SYSTEM_LIBRARY_DIR)/PrivateFrameworks",
				);
			};
			name = Debug;
		};
		4FCB20B92802BBA1003DC9BC /* Release */ = {
			isa = XCBuildConfiguration;
			buildSettings = {
				ASSETCATALOG_COMPILER_APPICON_NAME = AppIcon;
				ASSETCATALOG_COMPILER_GLOBAL_ACCENT_COLOR_NAME = AccentColor;
				CODE_SIGN_ENTITLEMENTS = VirtualBar/VirtualBar.entitlements;
				CODE_SIGN_STYLE = Automatic;
				COMBINE_HIDPI_IMAGES = YES;
				CURRENT_PROJECT_VERSION = 1;
				DEVELOPMENT_ASSET_PATHS = "";
				DEVELOPMENT_TEAM = 2M6L8JXTW7;
				ENABLE_HARDENED_RUNTIME = YES;
				ENABLE_PREVIEWS = YES;
				GENERATE_INFOPLIST_FILE = YES;
				INFOPLIST_KEY_NSCameraUsageDescription = "This app requires the camera to detect gestures";
				INFOPLIST_KEY_NSHumanReadableCopyright = "";
				LD_RUNPATH_SEARCH_PATHS = (
					"$(inherited)",
					"@executable_path/../Frameworks",
				);
				MARKETING_VERSION = 1.0;
				PRODUCT_BUNDLE_IDENTIFIER = com.rioogino.virtualbar;
				PRODUCT_NAME = "$(TARGET_NAME)";
				SWIFT_EMIT_LOC_STRINGS = YES;
				SWIFT_OBJC_BRIDGING_HEADER = VirtualBar/BridgingHeader.h;
				SWIFT_VERSION = 5.0;
				SYSTEM_FRAMEWORK_SEARCH_PATHS = (
					"$(inherited)",
					"$(SYSTEM_LIBRARY_DIR)/PrivateFrameworks",
				);
			};
			name = Release;
		};
/* End XCBuildConfiguration section */

/* Begin XCConfigurationList section */
		4FCB20A32802BBA0003DC9BC /* Build configuration list for PBXProject "VirtualBar" */ = {
			isa = XCConfigurationList;
			buildConfigurations = (
				4FCB20B52802BBA1003DC9BC /* Debug */,
				4FCB20B62802BBA1003DC9BC /* Release */,
			);
			defaultConfigurationIsVisible = 0;
			defaultConfigurationName = Release;
		};
		4FCB20B72802BBA1003DC9BC /* Build configuration list for PBXNativeTarget "VirtualBar" */ = {
			isa = XCConfigurationList;
			buildConfigurations = (
				4FCB20B82802BBA1003DC9BC /* Debug */,
				4FCB20B92802BBA1003DC9BC /* Release */,
			);
			defaultConfigurationIsVisible = 0;
			defaultConfigurationName = Release;
		};
/* End XCConfigurationList section */
	};
	rootObject = 4FCB20A02802BBA0003DC9BC /* Project object */;
}
