// !$*UTF8*$!
{
	archiveVersion = 1;
	classes = {
	};
	objectVersion = 50;
	objects = {

/* Begin PBXBuildFile section */
		1384A37322C1B388006036BA /* LocalClasses.swift in Sources */ = {isa = PBXBuildFile; fileRef = 1384A37222C1B388006036BA /* LocalClasses.swift */; };
		1384A37522C1B389006036BA /* Assets.xcassets in Resources */ = {isa = PBXBuildFile; fileRef = 1384A37422C1B389006036BA /* Assets.xcassets */; };
		1384A37822C1B389006036BA /* Main.storyboard in Resources */ = {isa = PBXBuildFile; fileRef = 1384A37622C1B389006036BA /* Main.storyboard */; };
		1384A38122C1B3C2006036BA /* ViewController.swift in Sources */ = {isa = PBXBuildFile; fileRef = 1384A38022C1B3C2006036BA /* ViewController.swift */; };
		1384A38922C1B53E006036BA /* Renderer.swift in Sources */ = {isa = PBXBuildFile; fileRef = 1384A38822C1B53E006036BA /* Renderer.swift */; };
		1384A38D22C1BE70006036BA /* Shaders.metal in Sources */ = {isa = PBXBuildFile; fileRef = 1384A38C22C1BE70006036BA /* Shaders.metal */; };
		1384A3E322C1F04B006036BA /* Main.storyboard in Resources */ = {isa = PBXBuildFile; fileRef = 1384A3E122C1F04B006036BA /* Main.storyboard */; };
		1384A3E522C1F04D006036BA /* Assets.xcassets in Resources */ = {isa = PBXBuildFile; fileRef = 1384A3E422C1F04D006036BA /* Assets.xcassets */; };
		1384A3E822C1F04D006036BA /* LaunchScreen.storyboard in Resources */ = {isa = PBXBuildFile; fileRef = 1384A3E622C1F04D006036BA /* LaunchScreen.storyboard */; };
		1384A3EE22C1F0A7006036BA /* LocalClasses.swift in Sources */ = {isa = PBXBuildFile; fileRef = 1384A3ED22C1F0A7006036BA /* LocalClasses.swift */; };
		1384A3EF22C1F11D006036BA /* ViewController.swift in Sources */ = {isa = PBXBuildFile; fileRef = 1384A38022C1B3C2006036BA /* ViewController.swift */; };
		1384A3F022C1F12A006036BA /* Renderer.swift in Sources */ = {isa = PBXBuildFile; fileRef = 1384A38822C1B53E006036BA /* Renderer.swift */; };
		1384A3F122C1F12C006036BA /* Shaders.metal in Sources */ = {isa = PBXBuildFile; fileRef = 1384A38C22C1BE70006036BA /* Shaders.metal */; };
		4F0A358527F3FFBA00C2E43B /* Renderable.swift in Sources */ = {isa = PBXBuildFile; fileRef = 4F0A358227F3FFBA00C2E43B /* Renderable.swift */; };
		4F0A358627F3FFBA00C2E43B /* Renderable.swift in Sources */ = {isa = PBXBuildFile; fileRef = 4F0A358227F3FFBA00C2E43B /* Renderable.swift */; };
		4F0A358727F3FFBA00C2E43B /* Sphere.swift in Sources */ = {isa = PBXBuildFile; fileRef = 4F0A358327F3FFBA00C2E43B /* Sphere.swift */; };
		4F0A358827F3FFBA00C2E43B /* Sphere.swift in Sources */ = {isa = PBXBuildFile; fileRef = 4F0A358327F3FFBA00C2E43B /* Sphere.swift */; };
		4F0A358927F3FFBA00C2E43B /* Triangle.swift in Sources */ = {isa = PBXBuildFile; fileRef = 4F0A358427F3FFBA00C2E43B /* Triangle.swift */; };
		4F0A358A27F3FFBA00C2E43B /* Triangle.swift in Sources */ = {isa = PBXBuildFile; fileRef = 4F0A358427F3FFBA00C2E43B /* Triangle.swift */; };
		4F0A358C27F400E000C2E43B /* Helper.swift in Sources */ = {isa = PBXBuildFile; fileRef = 4F0A358B27F400E000C2E43B /* Helper.swift */; };
		4F0A358D27F400E000C2E43B /* Helper.swift in Sources */ = {isa = PBXBuildFile; fileRef = 4F0A358B27F400E000C2E43B /* Helper.swift */; };
		4F0A358F27F43BD000C2E43B /* Triangle.metal in Sources */ = {isa = PBXBuildFile; fileRef = 4F0A358E27F43BD000C2E43B /* Triangle.metal */; };
		4F0A359027F43BD000C2E43B /* Triangle.metal in Sources */ = {isa = PBXBuildFile; fileRef = 4F0A358E27F43BD000C2E43B /* Triangle.metal */; };
		4F617A5B27F8019B00011EE6 /* ImageMean.swift in Sources */ = {isa = PBXBuildFile; fileRef = 4F617A5A27F8019A00011EE6 /* ImageMean.swift */; };
		4F617A5C27F8019B00011EE6 /* ImageMean.swift in Sources */ = {isa = PBXBuildFile; fileRef = 4F617A5A27F8019A00011EE6 /* ImageMean.swift */; };
		4F617A5E27F8083200011EE6 /* ImageMean.metal in Sources */ = {isa = PBXBuildFile; fileRef = 4F617A5D27F8083200011EE6 /* ImageMean.metal */; };
		4F617A5F27F8083200011EE6 /* ImageMean.metal in Sources */ = {isa = PBXBuildFile; fileRef = 4F617A5D27F8083200011EE6 /* ImageMean.metal */; };
		4FB9B7DA27F9A509005F553B /* RendererOld.swift in Sources */ = {isa = PBXBuildFile; fileRef = 4FB9B7D927F9A509005F553B /* RendererOld.swift */; };
		4FB9B7DB27F9A509005F553B /* RendererOld.swift in Sources */ = {isa = PBXBuildFile; fileRef = 4FB9B7D927F9A509005F553B /* RendererOld.swift */; };
/* End PBXBuildFile section */

/* Begin PBXFileReference section */
		1343BA5622C2DB1B007EA044 /* Common.h */ = {isa = PBXFileReference; lastKnownFileType = sourcecode.c.h; path = Common.h; sourceTree = "<group>"; };
		1384A36F22C1B388006036BA /* test3-macOS.app */ = {isa = PBXFileReference; explicitFileType = wrapper.application; includeInIndex = 0; path = "test3-macOS.app"; sourceTree = BUILT_PRODUCTS_DIR; };
		1384A37222C1B388006036BA /* LocalClasses.swift */ = {isa = PBXFileReference; lastKnownFileType = sourcecode.swift; path = LocalClasses.swift; sourceTree = "<group>"; };
		1384A37422C1B389006036BA /* Assets.xcassets */ = {isa = PBXFileReference; lastKnownFileType = folder.assetcatalog; path = Assets.xcassets; sourceTree = "<group>"; };
		1384A37722C1B389006036BA /* Base */ = {isa = PBXFileReference; lastKnownFileType = file.storyboard; name = Base; path = Base.lproj/Main.storyboard; sourceTree = "<group>"; };
		1384A37922C1B389006036BA /* Info.plist */ = {isa = PBXFileReference; lastKnownFileType = text.plist.xml; path = Info.plist; sourceTree = "<group>"; };
		1384A38022C1B3C2006036BA /* ViewController.swift */ = {isa = PBXFileReference; lastKnownFileType = sourcecode.swift; path = ViewController.swift; sourceTree = "<group>"; };
		1384A38822C1B53E006036BA /* Renderer.swift */ = {isa = PBXFileReference; lastKnownFileType = sourcecode.swift; path = Renderer.swift; sourceTree = "<group>"; };
		1384A38C22C1BE70006036BA /* Shaders.metal */ = {isa = PBXFileReference; lastKnownFileType = sourcecode.metal; path = Shaders.metal; sourceTree = "<group>"; };
		1384A3D922C1F04B006036BA /* test3-iOS.app */ = {isa = PBXFileReference; explicitFileType = wrapper.application; includeInIndex = 0; path = "test3-iOS.app"; sourceTree = BUILT_PRODUCTS_DIR; };
		1384A3E222C1F04B006036BA /* Base */ = {isa = PBXFileReference; lastKnownFileType = file.storyboard; name = Base; path = Base.lproj/Main.storyboard; sourceTree = "<group>"; };
		1384A3E422C1F04D006036BA /* Assets.xcassets */ = {isa = PBXFileReference; lastKnownFileType = folder.assetcatalog; path = Assets.xcassets; sourceTree = "<group>"; };
		1384A3E722C1F04D006036BA /* Base */ = {isa = PBXFileReference; lastKnownFileType = file.storyboard; name = Base; path = Base.lproj/LaunchScreen.storyboard; sourceTree = "<group>"; };
		1384A3E922C1F04D006036BA /* Info.plist */ = {isa = PBXFileReference; lastKnownFileType = text.plist.xml; path = Info.plist; sourceTree = "<group>"; };
		1384A3ED22C1F0A7006036BA /* LocalClasses.swift */ = {isa = PBXFileReference; lastKnownFileType = sourcecode.swift; path = LocalClasses.swift; sourceTree = "<group>"; };
		4F0A358227F3FFBA00C2E43B /* Renderable.swift */ = {isa = PBXFileReference; fileEncoding = 4; lastKnownFileType = sourcecode.swift; path = Renderable.swift; sourceTree = "<group>"; };
		4F0A358327F3FFBA00C2E43B /* Sphere.swift */ = {isa = PBXFileReference; fileEncoding = 4; lastKnownFileType = sourcecode.swift; path = Sphere.swift; sourceTree = "<group>"; };
		4F0A358427F3FFBA00C2E43B /* Triangle.swift */ = {isa = PBXFileReference; fileEncoding = 4; lastKnownFileType = sourcecode.swift; path = Triangle.swift; sourceTree = "<group>"; };
		4F0A358B27F400E000C2E43B /* Helper.swift */ = {isa = PBXFileReference; fileEncoding = 4; lastKnownFileType = sourcecode.swift; path = Helper.swift; sourceTree = "<group>"; };
		4F0A358E27F43BD000C2E43B /* Triangle.metal */ = {isa = PBXFileReference; lastKnownFileType = sourcecode.metal; path = Triangle.metal; sourceTree = "<group>"; };
		4F617A5A27F8019A00011EE6 /* ImageMean.swift */ = {isa = PBXFileReference; lastKnownFileType = sourcecode.swift; path = ImageMean.swift; sourceTree = "<group>"; };
		4F617A5D27F8083200011EE6 /* ImageMean.metal */ = {isa = PBXFileReference; lastKnownFileType = sourcecode.metal; path = ImageMean.metal; sourceTree = "<group>"; };
		4FB9B7D927F9A509005F553B /* RendererOld.swift */ = {isa = PBXFileReference; fileEncoding = 4; lastKnownFileType = sourcecode.swift; path = RendererOld.swift; sourceTree = "<group>"; };
/* End PBXFileReference section */

/* Begin PBXFrameworksBuildPhase section */
		1384A36C22C1B388006036BA /* Frameworks */ = {
			isa = PBXFrameworksBuildPhase;
			buildActionMask = 2147483647;
			files = (
			);
			runOnlyForDeploymentPostprocessing = 0;
		};
		1384A3D622C1F04B006036BA /* Frameworks */ = {
			isa = PBXFrameworksBuildPhase;
			buildActionMask = 2147483647;
			files = (
			);
			runOnlyForDeploymentPostprocessing = 0;
		};
/* End PBXFrameworksBuildPhase section */

/* Begin PBXGroup section */
		1384A36622C1B388006036BA = {
			isa = PBXGroup;
			children = (
				1384A37122C1B388006036BA /* test3 */,
				1384A3F522C1F210006036BA /* macOS */,
				1384A3DA22C1F04B006036BA /* iOS */,
				1384A37022C1B388006036BA /* Products */,
			);
			sourceTree = "<group>";
		};
		1384A37022C1B388006036BA /* Products */ = {
			isa = PBXGroup;
			children = (
				1384A36F22C1B388006036BA /* test3-macOS.app */,
				1384A3D922C1F04B006036BA /* test3-iOS.app */,
			);
			name = Products;
			sourceTree = "<group>";
		};
		1384A37122C1B388006036BA /* test3 */ = {
			isa = PBXGroup;
			children = (
				1384A38022C1B3C2006036BA /* ViewController.swift */,
				4F0A358B27F400E000C2E43B /* Helper.swift */,
				4FB9B7D927F9A509005F553B /* RendererOld.swift */,
				1384A38822C1B53E006036BA /* Renderer.swift */,
				1384A38C22C1BE70006036BA /* Shaders.metal */,
				4F0A358127F3FFBA00C2E43B /* Renderables */,
				1343BA5622C2DB1B007EA044 /* Common.h */,
				1384A37422C1B389006036BA /* Assets.xcassets */,
			);
			path = test3;
			sourceTree = "<group>";
		};
		1384A3DA22C1F04B006036BA /* iOS */ = {
			isa = PBXGroup;
			children = (
				1384A3ED22C1F0A7006036BA /* LocalClasses.swift */,
				1384A3E122C1F04B006036BA /* Main.storyboard */,
				1384A3E422C1F04D006036BA /* Assets.xcassets */,
				1384A3E622C1F04D006036BA /* LaunchScreen.storyboard */,
				1384A3E922C1F04D006036BA /* Info.plist */,
			);
			path = iOS;
			sourceTree = "<group>";
		};
		1384A3F522C1F210006036BA /* macOS */ = {
			isa = PBXGroup;
			children = (
				1384A37222C1B388006036BA /* LocalClasses.swift */,
				1384A37622C1B389006036BA /* Main.storyboard */,
				1384A37922C1B389006036BA /* Info.plist */,
			);
			path = macOS;
			sourceTree = "<group>";
		};
		4F0A358127F3FFBA00C2E43B /* Renderables */ = {
			isa = PBXGroup;
			children = (
				4F0A358227F3FFBA00C2E43B /* Renderable.swift */,
				4F0A358327F3FFBA00C2E43B /* Sphere.swift */,
				4F0A358427F3FFBA00C2E43B /* Triangle.swift */,
				4F0A358E27F43BD000C2E43B /* Triangle.metal */,
				4F617A5A27F8019A00011EE6 /* ImageMean.swift */,
				4F617A5D27F8083200011EE6 /* ImageMean.metal */,
			);
			path = Renderables;
			sourceTree = "<group>";
		};
/* End PBXGroup section */

/* Begin PBXNativeTarget section */
		1384A36E22C1B388006036BA /* test3-macOS */ = {
			isa = PBXNativeTarget;
			buildConfigurationList = 1384A37D22C1B389006036BA /* Build configuration list for PBXNativeTarget "test3-macOS" */;
			buildPhases = (
				1384A36B22C1B388006036BA /* Sources */,
				1384A36C22C1B388006036BA /* Frameworks */,
				1384A36D22C1B388006036BA /* Resources */,
			);
			buildRules = (
			);
			dependencies = (
			);
			name = "test3-macOS";
			productName = Pipeline;
			productReference = 1384A36F22C1B388006036BA /* test3-macOS.app */;
			productType = "com.apple.product-type.application";
		};
		1384A3D822C1F04B006036BA /* test3-iOS */ = {
			isa = PBXNativeTarget;
			buildConfigurationList = 1384A3EA22C1F04D006036BA /* Build configuration list for PBXNativeTarget "test3-iOS" */;
			buildPhases = (
				1384A3D522C1F04B006036BA /* Sources */,
				1384A3D622C1F04B006036BA /* Frameworks */,
				1384A3D722C1F04B006036BA /* Resources */,
			);
			buildRules = (
			);
			dependencies = (
			);
			name = "test3-iOS";
			productName = "Pipeline-iOS";
			productReference = 1384A3D922C1F04B006036BA /* test3-iOS.app */;
			productType = "com.apple.product-type.application";
		};
/* End PBXNativeTarget section */

/* Begin PBXProject section */
		1384A36722C1B388006036BA /* Project object */ = {
			isa = PBXProject;
			attributes = {
				LastSwiftUpdateCheck = 1100;
				LastUpgradeCheck = 1330;
				ORGANIZATIONNAME = "";
				TargetAttributes = {
					1384A36E22C1B388006036BA = {
						CreatedOnToolsVersion = 11.0;
					};
					1384A3D822C1F04B006036BA = {
						CreatedOnToolsVersion = 11.0;
					};
				};
			};
			buildConfigurationList = 1384A36A22C1B388006036BA /* Build configuration list for PBXProject "test3" */;
			compatibilityVersion = "Xcode 9.3";
			developmentRegion = en;
			hasScannedForEncodings = 0;
			knownRegions = (
				en,
				Base,
			);
			mainGroup = 1384A36622C1B388006036BA;
			productRefGroup = 1384A37022C1B388006036BA /* Products */;
			projectDirPath = "";
			projectRoot = "";
			targets = (
				1384A36E22C1B388006036BA /* test3-macOS */,
				1384A3D822C1F04B006036BA /* test3-iOS */,
			);
		};
/* End PBXProject section */

/* Begin PBXResourcesBuildPhase section */
		1384A36D22C1B388006036BA /* Resources */ = {
			isa = PBXResourcesBuildPhase;
			buildActionMask = 2147483647;
			files = (
				1384A37522C1B389006036BA /* Assets.xcassets in Resources */,
				1384A37822C1B389006036BA /* Main.storyboard in Resources */,
			);
			runOnlyForDeploymentPostprocessing = 0;
		};
		1384A3D722C1F04B006036BA /* Resources */ = {
			isa = PBXResourcesBuildPhase;
			buildActionMask = 2147483647;
			files = (
				1384A3E822C1F04D006036BA /* LaunchScreen.storyboard in Resources */,
				1384A3E522C1F04D006036BA /* Assets.xcassets in Resources */,
				1384A3E322C1F04B006036BA /* Main.storyboard in Resources */,
			);
			runOnlyForDeploymentPostprocessing = 0;
		};
/* End PBXResourcesBuildPhase section */

/* Begin PBXSourcesBuildPhase section */
		1384A36B22C1B388006036BA /* Sources */ = {
			isa = PBXSourcesBuildPhase;
			buildActionMask = 2147483647;
			files = (
				4F617A5E27F8083200011EE6 /* ImageMean.metal in Sources */,
				4F0A358727F3FFBA00C2E43B /* Sphere.swift in Sources */,
				4FB9B7DA27F9A509005F553B /* RendererOld.swift in Sources */,
				1384A38122C1B3C2006036BA /* ViewController.swift in Sources */,
				1384A38922C1B53E006036BA /* Renderer.swift in Sources */,
				1384A37322C1B388006036BA /* LocalClasses.swift in Sources */,
				4F0A358527F3FFBA00C2E43B /* Renderable.swift in Sources */,
				4F0A358C27F400E000C2E43B /* Helper.swift in Sources */,
				4F0A358F27F43BD000C2E43B /* Triangle.metal in Sources */,
				1384A38D22C1BE70006036BA /* Shaders.metal in Sources */,
				4F0A358927F3FFBA00C2E43B /* Triangle.swift in Sources */,
				4F617A5B27F8019B00011EE6 /* ImageMean.swift in Sources */,
			);
			runOnlyForDeploymentPostprocessing = 0;
		};
		1384A3D522C1F04B006036BA /* Sources */ = {
			isa = PBXSourcesBuildPhase;
			buildActionMask = 2147483647;
			files = (
				4F617A5F27F8083200011EE6 /* ImageMean.metal in Sources */,
				4F0A358827F3FFBA00C2E43B /* Sphere.swift in Sources */,
				4FB9B7DB27F9A509005F553B /* RendererOld.swift in Sources */,
				1384A3F122C1F12C006036BA /* Shaders.metal in Sources */,
				1384A3EE22C1F0A7006036BA /* LocalClasses.swift in Sources */,
				4F0A358627F3FFBA00C2E43B /* Renderable.swift in Sources */,
				4F0A358D27F400E000C2E43B /* Helper.swift in Sources */,
				1384A3EF22C1F11D006036BA /* ViewController.swift in Sources */,
				4F0A359027F43BD000C2E43B /* Triangle.metal in Sources */,
				1384A3F022C1F12A006036BA /* Renderer.swift in Sources */,
				4F0A358A27F3FFBA00C2E43B /* Triangle.swift in Sources */,
				4F617A5C27F8019B00011EE6 /* ImageMean.swift in Sources */,
			);
			runOnlyForDeploymentPostprocessing = 0;
		};
/* End PBXSourcesBuildPhase section */

/* Begin PBXVariantGroup section */
		1384A37622C1B389006036BA /* Main.storyboard */ = {
			isa = PBXVariantGroup;
			children = (
				1384A37722C1B389006036BA /* Base */,
			);
			name = Main.storyboard;
			sourceTree = "<group>";
		};
		1384A3E122C1F04B006036BA /* Main.storyboard */ = {
			isa = PBXVariantGroup;
			children = (
				1384A3E222C1F04B006036BA /* Base */,
			);
			name = Main.storyboard;
			sourceTree = "<group>";
		};
		1384A3E622C1F04D006036BA /* LaunchScreen.storyboard */ = {
			isa = PBXVariantGroup;
			children = (
				1384A3E722C1F04D006036BA /* Base */,
			);
			name = LaunchScreen.storyboard;
			sourceTree = "<group>";
		};
/* End PBXVariantGroup section */

/* Begin XCBuildConfiguration section */
		1384A37B22C1B389006036BA /* Debug */ = {
			isa = XCBuildConfiguration;
			buildSettings = {
				ALWAYS_SEARCH_USER_PATHS = NO;
				CLANG_ANALYZER_NONNULL = YES;
				CLANG_ANALYZER_NUMBER_OBJECT_CONVERSION = YES_AGGRESSIVE;
				CLANG_CXX_LANGUAGE_STANDARD = "gnu++14";
				CLANG_CXX_LIBRARY = "libc++";
				CLANG_ENABLE_MODULES = YES;
				CLANG_ENABLE_OBJC_ARC = YES;
				CLANG_ENABLE_OBJC_WEAK = YES;
				CLANG_WARN_BLOCK_CAPTURE_AUTORELEASING = YES;
				CLANG_WARN_BOOL_CONVERSION = YES;
				CLANG_WARN_COMMA = YES;
				CLANG_WARN_CONSTANT_CONVERSION = YES;
				CLANG_WARN_DEPRECATED_OBJC_IMPLEMENTATIONS = YES;
				CLANG_WARN_DIRECT_OBJC_ISA_USAGE = YES_ERROR;
				CLANG_WARN_DOCUMENTATION_COMMENTS = YES;
				CLANG_WARN_EMPTY_BODY = YES;
				CLANG_WARN_ENUM_CONVERSION = YES;
				CLANG_WARN_INFINITE_RECURSION = YES;
				CLANG_WARN_INT_CONVERSION = YES;
				CLANG_WARN_NON_LITERAL_NULL_CONVERSION = YES;
				CLANG_WARN_OBJC_IMPLICIT_RETAIN_SELF = YES;
				CLANG_WARN_OBJC_LITERAL_CONVERSION = YES;
				CLANG_WARN_OBJC_ROOT_CLASS = YES_ERROR;
				CLANG_WARN_QUOTED_INCLUDE_IN_FRAMEWORK_HEADER = YES;
				CLANG_WARN_RANGE_LOOP_ANALYSIS = YES;
				CLANG_WARN_STRICT_PROTOTYPES = YES;
				CLANG_WARN_SUSPICIOUS_MOVE = YES;
				CLANG_WARN_UNGUARDED_AVAILABILITY = YES_AGGRESSIVE;
				CLANG_WARN_UNREACHABLE_CODE = YES;
				CLANG_WARN__DUPLICATE_METHOD_MATCH = YES;
				COPY_PHASE_STRIP = NO;
				DEBUG_INFORMATION_FORMAT = dwarf;
				ENABLE_STRICT_OBJC_MSGSEND = YES;
				ENABLE_TESTABILITY = YES;
				GCC_C_LANGUAGE_STANDARD = gnu11;
				GCC_DYNAMIC_NO_PIC = NO;
				GCC_NO_COMMON_BLOCKS = YES;
				GCC_OPTIMIZATION_LEVEL = 0;
				GCC_PREPROCESSOR_DEFINITIONS = (
					"DEBUG=1",
					"$(inherited)",
				);
				GCC_WARN_64_TO_32_BIT_CONVERSION = YES;
				GCC_WARN_ABOUT_RETURN_TYPE = YES_ERROR;
				GCC_WARN_UNDECLARED_SELECTOR = YES;
				GCC_WARN_UNINITIALIZED_AUTOS = YES_AGGRESSIVE;
				GCC_WARN_UNUSED_FUNCTION = YES;
				GCC_WARN_UNUSED_VARIABLE = YES;
				MACOSX_DEPLOYMENT_TARGET = 10.15;
				MTL_ENABLE_DEBUG_INFO = INCLUDE_SOURCE;
				MTL_FAST_MATH = YES;
				ONLY_ACTIVE_ARCH = YES;
				SDKROOT = macosx;
				SWIFT_ACTIVE_COMPILATION_CONDITIONS = DEBUG;
				SWIFT_OBJC_BRIDGING_HEADER = test3/Common.h;
				SWIFT_OPTIMIZATION_LEVEL = "-Onone";
			};
			name = Debug;
		};
		1384A37C22C1B389006036BA /* Release */ = {
			isa = XCBuildConfiguration;
			buildSettings = {
				ALWAYS_SEARCH_USER_PATHS = NO;
				CLANG_ANALYZER_NONNULL = YES;
				CLANG_ANALYZER_NUMBER_OBJECT_CONVERSION = YES_AGGRESSIVE;
				CLANG_CXX_LANGUAGE_STANDARD = "gnu++14";
				CLANG_CXX_LIBRARY = "libc++";
				CLANG_ENABLE_MODULES = YES;
				CLANG_ENABLE_OBJC_ARC = YES;
				CLANG_ENABLE_OBJC_WEAK = YES;
				CLANG_WARN_BLOCK_CAPTURE_AUTORELEASING = YES;
				CLANG_WARN_BOOL_CONVERSION = YES;
				CLANG_WARN_COMMA = YES;
				CLANG_WARN_CONSTANT_CONVERSION = YES;
				CLANG_WARN_DEPRECATED_OBJC_IMPLEMENTATIONS = YES;
				CLANG_WARN_DIRECT_OBJC_ISA_USAGE = YES_ERROR;
				CLANG_WARN_DOCUMENTATION_COMMENTS = YES;
				CLANG_WARN_EMPTY_BODY = YES;
				CLANG_WARN_ENUM_CONVERSION = YES;
				CLANG_WARN_INFINITE_RECURSION = YES;
				CLANG_WARN_INT_CONVERSION = YES;
				CLANG_WARN_NON_LITERAL_NULL_CONVERSION = YES;
				CLANG_WARN_OBJC_IMPLICIT_RETAIN_SELF = YES;
				CLANG_WARN_OBJC_LITERAL_CONVERSION = YES;
				CLANG_WARN_OBJC_ROOT_CLASS = YES_ERROR;
				CLANG_WARN_QUOTED_INCLUDE_IN_FRAMEWORK_HEADER = YES;
				CLANG_WARN_RANGE_LOOP_ANALYSIS = YES;
				CLANG_WARN_STRICT_PROTOTYPES = YES;
				CLANG_WARN_SUSPICIOUS_MOVE = YES;
				CLANG_WARN_UNGUARDED_AVAILABILITY = YES_AGGRESSIVE;
				CLANG_WARN_UNREACHABLE_CODE = YES;
				CLANG_WARN__DUPLICATE_METHOD_MATCH = YES;
				COPY_PHASE_STRIP = NO;
				DEBUG_INFORMATION_FORMAT = "dwarf-with-dsym";
				ENABLE_NS_ASSERTIONS = NO;
				ENABLE_STRICT_OBJC_MSGSEND = YES;
				GCC_C_LANGUAGE_STANDARD = gnu11;
				GCC_NO_COMMON_BLOCKS = YES;
				GCC_WARN_64_TO_32_BIT_CONVERSION = YES;
				GCC_WARN_ABOUT_RETURN_TYPE = YES_ERROR;
				GCC_WARN_UNDECLARED_SELECTOR = YES;
				GCC_WARN_UNINITIALIZED_AUTOS = YES_AGGRESSIVE;
				GCC_WARN_UNUSED_FUNCTION = YES;
				GCC_WARN_UNUSED_VARIABLE = YES;
				MACOSX_DEPLOYMENT_TARGET = 10.15;
				MTL_ENABLE_DEBUG_INFO = NO;
				MTL_FAST_MATH = YES;
				SDKROOT = macosx;
				SWIFT_COMPILATION_MODE = wholemodule;
				SWIFT_OBJC_BRIDGING_HEADER = test3/Common.h;
				SWIFT_OPTIMIZATION_LEVEL = "-O";
			};
			name = Release;
		};
		1384A37E22C1B389006036BA /* Debug */ = {
			isa = XCBuildConfiguration;
			buildSettings = {
				ASSETCATALOG_COMPILER_APPICON_NAME = AppIcon;
				CODE_SIGN_IDENTITY = "-";
				CODE_SIGN_STYLE = Automatic;
				COMBINE_HIDPI_IMAGES = YES;
				DEVELOPMENT_TEAM = "";
				INFOPLIST_FILE = macOS/Info.plist;
				LD_RUNPATH_SEARCH_PATHS = (
					"$(inherited)",
					"@executable_path/../Frameworks",
				);
				MACOSX_DEPLOYMENT_TARGET = 12.0;
				PRODUCT_BUNDLE_IDENTIFIER = com.example.test3.macos;
				PRODUCT_NAME = "$(TARGET_NAME)";
				SWIFT_VERSION = 5.0;
			};
			name = Debug;
		};
		1384A37F22C1B389006036BA /* Release */ = {
			isa = XCBuildConfiguration;
			buildSettings = {
				ASSETCATALOG_COMPILER_APPICON_NAME = AppIcon;
				CODE_SIGN_IDENTITY = "-";
				CODE_SIGN_STYLE = Automatic;
				COMBINE_HIDPI_IMAGES = YES;
				DEVELOPMENT_TEAM = "";
				INFOPLIST_FILE = macOS/Info.plist;
				LD_RUNPATH_SEARCH_PATHS = (
					"$(inherited)",
					"@executable_path/../Frameworks",
				);
				MACOSX_DEPLOYMENT_TARGET = 12.0;
				PRODUCT_BUNDLE_IDENTIFIER = com.example.test3.macos;
				PRODUCT_NAME = "$(TARGET_NAME)";
				SWIFT_VERSION = 5.0;
			};
			name = Release;
		};
		1384A3EB22C1F04D006036BA /* Debug */ = {
			isa = XCBuildConfiguration;
			buildSettings = {
				ASSETCATALOG_COMPILER_APPICON_NAME = AppIcon;
				CODE_SIGN_STYLE = Automatic;
				INFOPLIST_FILE = iOS/Info.plist;
				IPHONEOS_DEPLOYMENT_TARGET = 13.0;
				LD_RUNPATH_SEARCH_PATHS = (
					"$(inherited)",
					"@executable_path/Frameworks",
				);
				PRODUCT_BUNDLE_IDENTIFIER = com.example.test3.ios;
				PRODUCT_NAME = "$(TARGET_NAME)";
				SDKROOT = iphoneos;
				SWIFT_VERSION = 5.0;
				TARGETED_DEVICE_FAMILY = "1,2";
			};
			name = Debug;
		};
		1384A3EC22C1F04D006036BA /* Release */ = {
			isa = XCBuildConfiguration;
			buildSettings = {
				ASSETCATALOG_COMPILER_APPICON_NAME = AppIcon;
				CODE_SIGN_STYLE = Automatic;
				INFOPLIST_FILE = iOS/Info.plist;
				IPHONEOS_DEPLOYMENT_TARGET = 13.0;
				LD_RUNPATH_SEARCH_PATHS = (
					"$(inherited)",
					"@executable_path/Frameworks",
				);
				PRODUCT_BUNDLE_IDENTIFIER = com.example.test3.ios;
				PRODUCT_NAME = "$(TARGET_NAME)";
				SDKROOT = iphoneos;
				SWIFT_VERSION = 5.0;
				TARGETED_DEVICE_FAMILY = "1,2";
				VALIDATE_PRODUCT = YES;
			};
			name = Release;
		};
/* End XCBuildConfiguration section */

/* Begin XCConfigurationList section */
		1384A36A22C1B388006036BA /* Build configuration list for PBXProject "test3" */ = {
			isa = XCConfigurationList;
			buildConfigurations = (
				1384A37B22C1B389006036BA /* Debug */,
				1384A37C22C1B389006036BA /* Release */,
			);
			defaultConfigurationIsVisible = 0;
			defaultConfigurationName = Release;
		};
		1384A37D22C1B389006036BA /* Build configuration list for PBXNativeTarget "test3-macOS" */ = {
			isa = XCConfigurationList;
			buildConfigurations = (
				1384A37E22C1B389006036BA /* Debug */,
				1384A37F22C1B389006036BA /* Release */,
			);
			defaultConfigurationIsVisible = 0;
			defaultConfigurationName = Release;
		};
		1384A3EA22C1F04D006036BA /* Build configuration list for PBXNativeTarget "test3-iOS" */ = {
			isa = XCConfigurationList;
			buildConfigurations = (
				1384A3EB22C1F04D006036BA /* Debug */,
				1384A3EC22C1F04D006036BA /* Release */,
			);
			defaultConfigurationIsVisible = 0;
			defaultConfigurationName = Release;
		};
/* End XCConfigurationList section */
	};
	rootObject = 1384A36722C1B388006036BA /* Project object */;
}
